<?xml version="1.0" encoding="utf-8"?>
<Project ToolsVersion="4.0" xmlns="http://schemas.microsoft.com/developer/msbuild/2003">
  <ItemGroup>
    <Filter Include="Source Files">
      <UniqueIdentifier>{4FC737F1-C7A5-4376-A066-2A32D752A2FF}</UniqueIdentifier>
      <Extensions>cpp;c;cc;cxx;def;odl;idl;hpj;bat;asm;asmx</Extensions>
    </Filter>
    <Filter Include="Header Files">
      <UniqueIdentifier>{93995380-89BD-4b04-88EB-625FBE52EBFB}</UniqueIdentifier>
      <Extensions>h;hh;hpp;hxx;hm;inl;inc;xsd</Extensions>
    </Filter>
    <Filter Include="Resource Files">
      <UniqueIdentifier>{67DA6AB6-F800-4c08-8B7A-83BB121AAD01}</UniqueIdentifier>
      <Extensions>rc;ico;cur;bmp;dlg;rc2;rct;bin;rgs;gif;jpg;jpeg;jpe;resx;tiff;tif;png;wav;mfcribbon-ms</Extensions>
    </Filter>
  </ItemGroup>
  <ItemGroup>
    <ClInclude Include="src\models\MeteoraTypes.h">
      <Filter>Header Files</Filter>
    </ClInclude>
    <ClInclude Include="src\utils\MeteoraDefs.h">
      <Filter>Header Files</Filter>
    </ClInclude>
    <ClInclude Include="src\modules\generators\IGenerator.h">
      <Filter>Header Files</Filter>
    </ClInclude>
    <ClInclude Include="src\modules\generators\Sawtooth.h">
      <Filter>Header Files</Filter>
    </ClInclude>
    <ClInclude Include="src\modules\generators\SineWave.h">
      <Filter>Header Files</Filter>
    </ClInclude>
    <ClInclude Include="src\modules\generators\SquareWave.h">
      <Filter>Header Files</Filter>
    </ClInclude>
    <ClInclude Include="src\modules\generators\TriangleWave.h">
      <Filter>Header Files</Filter>
    </ClInclude>
    <ClInclude Include="src\modules\generators\WhiteNoise.h">
      <Filter>Header Files</Filter>
    </ClInclude>
    <ClInclude Include="src\modules\effects\Chorus.h">
      <Filter>Header Files</Filter>
    </ClInclude>
    <ClInclude Include="src\modules\effects\Delay.h">
      <Filter>Header Files</Filter>
    </ClInclude>
    <ClInclude Include="src\modules\effects\Flanger.h">
      <Filter>Header Files</Filter>
    </ClInclude>
    <ClInclude Include="src\modules\effects\Reverb.h">
      <Filter>Header Files</Filter>
    </ClInclude>
    <ClInclude Include="src\modules\envelope\ADSR.h">
      <Filter>Header Files</Filter>
    </ClInclude>
    <ClInclude Include="src\modules\filters\DigitalFilter.h">
      <Filter>Header Files</Filter>
    </ClInclude>
    <ClInclude Include="src\modules\filters\Mixer.h">
      <Filter>Header Files</Filter>
    </ClInclude>
    <ClInclude Include="src\modules\filters\LowPassFilter.h">
      <Filter>Header Files</Filter>
    </ClInclude>
    <ClInclude Include="src\modules\filters\HighPassFilter.h">
      <Filter>Header Files</Filter>
    </ClInclude>
    <ClInclude Include="src\modules\controllers\keyboards\Keyboard.h">
      <Filter>Header Files</Filter>
    </ClInclude>
    <ClInclude Include="src\modules\filters\BandPassFilter.h">
      <Filter>Header Files</Filter>
    </ClInclude>
    <ClInclude Include="src\modules\oscillators\LowFrequencyOscillator.h">
      <Filter>Header Files</Filter>
    </ClInclude>
    <ClInclude Include="src\modules\oscillators\VoltageControlledOscillator.h">
      <Filter>Header Files</Filter>
    </ClInclude>
    <ClInclude Include="src\modules\routers\LineSelector.h">
      <Filter>Header Files</Filter>
    </ClInclude>
    <ClInclude Include="src\modules\sequencers\Sequencer.h">
      <Filter>Header Files</Filter>
    </ClInclude>
    <ClInclude Include="src\modules\amplifiers\VoltageControlledAmplifier.h">
      <Filter>Header Files</Filter>
    </ClInclude>
    <ClInclude Include="src\modules\routers\SignalMultiplier.h">
      <Filter>Header Files</Filter>
    </ClInclude>
    <ClInclude Include="src\modules\interfaces\InstrumentInterface.h">
      <Filter>Header Files</Filter>
    </ClInclude>
    <ClInclude Include="src\modules\mixers\BasicMixer.h">
      <Filter>Header Files</Filter>
    </ClInclude>
    <ClInclude Include="src\modules\mixers\RingModulator.h">
      <Filter>Header Files</Filter>
    </ClInclude>
    <ClInclude Include="src\utils\FrequencyHelper.h">
      <Filter>Header Files</Filter>
    </ClInclude>
  </ItemGroup>
  <ItemGroup>
    <ClCompile Include="src\modules\generators\IGenerator.cpp">
      <Filter>Source Files</Filter>
    </ClCompile>
    <ClCompile Include="src\modules\generators\Sawtooth.cpp">
      <Filter>Source Files</Filter>
    </ClCompile>
    <ClCompile Include="src\modules\generators\SineWave.cpp">
      <Filter>Source Files</Filter>
    </ClCompile>
    <ClCompile Include="src\modules\generators\SquareWave.cpp">
      <Filter>Source Files</Filter>
    </ClCompile>
    <ClCompile Include="src\modules\generators\TriangleWave.cpp">
      <Filter>Source Files</Filter>
    </ClCompile>
    <ClCompile Include="src\modules\generators\WhiteNoise.cpp">
      <Filter>Source Files</Filter>
    </ClCompile>
    <ClCompile Include="src\modules\effects\Chorus.cpp">
      <Filter>Source Files</Filter>
    </ClCompile>
    <ClCompile Include="src\modules\effects\Delay.cpp">
      <Filter>Source Files</Filter>
    </ClCompile>
    <ClCompile Include="src\modules\effects\Flanger.cpp">
      <Filter>Source Files</Filter>
    </ClCompile>
    <ClCompile Include="src\modules\effects\Reverb.cpp">
      <Filter>Source Files</Filter>
    </ClCompile>
    <ClCompile Include="src\modules\envelope\ADSR.cpp">
      <Filter>Source Files</Filter>
    </ClCompile>
    <ClCompile Include="src\modules\filters\DigitalFilter.cpp">
      <Filter>Source Files</Filter>
    </ClCompile>
    <ClCompile Include="src\modules\filters\Mixer.cpp">
      <Filter>Source Files</Filter>
    </ClCompile>
    <ClCompile Include="src\modules\filters\LowPassFilter.cpp">
      <Filter>Source Files</Filter>
    </ClCompile>
    <ClCompile Include="src\modules\filters\HighPassFilter.cpp">
      <Filter>Source Files</Filter>
    </ClCompile>
    <ClCompile Include="src\modules\controllers\keyboards\Keyboard.cpp">
      <Filter>Source Files</Filter>
    </ClCompile>
    <ClCompile Include="src\modules\filters\BandPassFilter.cpp">
      <Filter>Source Files</Filter>
    </ClCompile>
    <ClCompile Include="src\modules\oscillators\LowFrequencyOscillator.cpp">
      <Filter>Source Files</Filter>
    </ClCompile>
    <ClCompile Include="src\modules\oscillators\VoltageControlledOscillator.cpp">
      <Filter>Source Files</Filter>
    </ClCompile>
    <ClCompile Include="src\modules\routers\LineSelector.cpp">
      <Filter>Source Files</Filter>
    </ClCompile>
    <ClCompile Include="src\modules\sequencers\Sequencer.cpp">
      <Filter>Source Files</Filter>
    </ClCompile>
    <ClCompile Include="src\modules\amplifiers\VoltageControlledAmplifier.cpp">
      <Filter>Source Files</Filter>
    </ClCompile>
    <ClCompile Include="src\modules\routers\SignalMultiplier.cpp">
      <Filter>Source Files</Filter>
    </ClCompile>
    <ClCompile Include="src\modules\interfaces\InstrumentInterface.cpp">
      <Filter>Source Files</Filter>
    </ClCompile>
    <ClCompile Include="src\modules\mixers\BasicMixer.cpp">
      <Filter>Source Files</Filter>
    </ClCompile>
    <ClCompile Include="src\modules\mixers\RingModulator.cpp">
      <Filter>Source Files</Filter>
    </ClCompile>
    <ClCompile Include="src\utils\FrequencyHelper.cpp">
      <Filter>Source Files</Filter>
    </ClCompile>
  </ItemGroup>
</Project>